{
  "name": "json2csv",
  "version": "1.0.0",
  "lockfileVersion": 1,
  "requires": true,
  "dependencies": {
    "deeks": {
      "version": "2.2.0",
      "resolved": "https://registry.npmjs.org/deeks/-/deeks-2.2.0.tgz",
      "integrity": "sha512-tK6yS5nIErsVaEbzWMwAPhQNyBu0KG5yX+zKzrU76duFel2furwAxn6AAk7UDkFkEaJcYneKju6tOH+8/R1s5g==",
      "requires": {
        "underscore": "1.9.1"
      }
    },
    "doc-path": {
      "version": "2.0.0",
      "resolved": "https://registry.npmjs.org/doc-path/-/doc-path-2.0.0.tgz",
      "integrity": "sha512-OUXGMMGqZYtNcvsZmJ8014XsYdMlR75qrS1PPGLX3/WFUTBcaU8TkNK1rPjqb1UNvPpbaq7EL5kk87KP0ZkW9A=="
    },
    "json-2-csv": {
      "version": "3.4.2",
      "resolved": "https://registry.npmjs.org/json-2-csv/-/json-2-csv-3.4.2.tgz",
      "integrity": "sha512-mz8Tfi+bwVaFcWQF6CQ/pTrWGAndECLwE82c/RQTiogDQqxmtI+yEsFu9bFzhUrGARtAyAcBccGT2mXe7HO2Fw==",
      "requires": {
        "deeks": "2.2.0",
        "doc-path": "2.0.0",
        "underscore": "1.9.1"
      }
    },
    "underscore": {
      "version": "1.9.1",
      "resolved": "https://registry.npmjs.org/underscore/-/underscore-1.9.1.tgz",
      "integrity": "sha512-5/4etnCkd9c8gwgowi5/om/mYO5ajCaOgdzj/oW+0eQV9WxKBDZw5+ycmKmeaTXjInS/W0BzpGLo2xR2aBwZdg=="
    }
  }
}
